# This file is automatically @generated by Cargo.
# It is not intended for manual editing.
version = 3

[[package]]
name = "arrayvec"
version = "0.7.4"
source = "registry+https://github.com/rust-lang/crates.io-index"
checksum = "96d30a06541fbafbc7f82ed10c06164cfbd2c401138f6addd8404629c4b16711"

[[package]]
name = "cozy-chess"
version = "0.3.4"
source = "registry+https://github.com/rust-lang/crates.io-index"
checksum = "27029a361056fc4f85ee27c02c8b3d219be061cb5ee95392541d4d5fc8aaff68"
dependencies = [
 "cozy-chess-types",
]

[[package]]
name = "cozy-chess-types"
version = "0.2.2"
source = "registry+https://github.com/rust-lang/crates.io-index"
checksum = "276b4804775347af35852c80665ad23d62a9ee742a14656e7da6a7b1cee74ee9"

[[package]]
name = "frostburn"
version = "0.1.0"
dependencies = [
 "arrayvec",
 "cozy-chess",
]

[[package]]
name = "frostburn-uci"
version = "0.1.0"
dependencies = [
 "cozy-chess",
 "frostburn",
]
